{
  "version": 4,
  "terraform_version": "1.1.9",
  "serial": 54,
  "lineage": "7abb9f0c-8050-b7f0-178e-e88ad894fc63",
  "outputs": {},
  "resources": [
    {
      "mode": "data",
      "type": "aws_availability_zones",
      "name": "available",
      "provider": "provider[\"registry.terraform.io/hashicorp/aws\"]",
      "instances": [
        {
          "schema_version": 0,
          "attributes": {
            "all_availability_zones": null,
            "exclude_names": null,
            "exclude_zone_ids": null,
            "filter": null,
            "group_names": [
              "us-east-1"
            ],
            "id": "us-east-1",
            "names": [
              "us-east-1a",
              "us-east-1b",
              "us-east-1c",
              "us-east-1d",
              "us-east-1e",
              "us-east-1f"
            ],
            "state": null,
            "zone_ids": [
              "use1-az6",
              "use1-az1",
              "use1-az2",
              "use1-az4",
              "use1-az3",
              "use1-az5"
            ]
          },
          "sensitive_attributes": []
        }
      ]
    },
    {
      "mode": "data",
      "type": "aws_region",
      "name": "current",
      "provider": "provider[\"registry.terraform.io/hashicorp/aws\"]",
      "instances": [
        {
          "schema_version": 0,
          "attributes": {
            "description": "US East (N. Virginia)",
            "endpoint": "ec2.us-east-1.amazonaws.com",
            "id": "us-east-1",
            "name": "us-east-1"
          },
          "sensitive_attributes": []
        }
      ]
    },
    {
      "mode": "managed",
      "type": "aws_dynamodb_table",
      "name": "terraform-state",
      "provider": "provider[\"registry.terraform.io/hashicorp/aws\"]",
      "instances": [
        {
          "schema_version": 1,
          "attributes": {
            "arn": "arn:aws:dynamodb:us-east-1:606175617475:table/terraform-state",
            "attribute": [
              {
                "name": "LockID",
                "type": "S"
              }
            ],
            "billing_mode": "PROVISIONED",
            "global_secondary_index": [],
            "hash_key": "LockID",
            "id": "terraform-state",
            "local_secondary_index": [],
            "name": "terraform-state",
            "point_in_time_recovery": [
              {
                "enabled": false
              }
            ],
            "range_key": null,
            "read_capacity": 20,
            "replica": [],
            "restore_date_time": null,
            "restore_source_name": null,
            "restore_to_latest_time": null,
            "server_side_encryption": [],
            "stream_arn": "",
            "stream_enabled": false,
            "stream_label": "",
            "stream_view_type": "",
            "table_class": "",
            "tags": {},
            "tags_all": {},
            "timeouts": null,
            "ttl": [
              {
                "attribute_name": "",
                "enabled": false
              }
            ],
            "write_capacity": 20
          },
          "sensitive_attributes": [],
          "private": "eyJlMmJmYjczMC1lY2FhLTExZTYtOGY4OC0zNDM2M2JjN2M0YzAiOnsiY3JlYXRlIjoxODAwMDAwMDAwMDAwLCJkZWxldGUiOjYwMDAwMDAwMDAwMCwidXBkYXRlIjozNjAwMDAwMDAwMDAwfSwic2NoZW1hX3ZlcnNpb24iOiIxIn0="
        }
      ]
    },
    {
      "mode": "managed",
      "type": "aws_ecr_repository",
      "name": "aws_ecr_repo",
      "provider": "provider[\"registry.terraform.io/hashicorp/aws\"]",
      "instances": [
        {
          "schema_version": 0,
          "attributes": {
            "arn": "arn:aws:ecr:us-east-1:606175617475:repository/ecr_exorepo",
            "encryption_configuration": [
              {
                "encryption_type": "AES256",
                "kms_key": ""
              }
            ],
            "id": "ecr_exorepo",
            "image_scanning_configuration": [
              {
                "scan_on_push": false
              }
            ],
            "image_tag_mutability": "MUTABLE",
            "name": "ecr_exorepo",
            "registry_id": "606175617475",
            "repository_url": "606175617475.dkr.ecr.us-east-1.amazonaws.com/ecr_exorepo",
            "tags": null,
            "tags_all": {},
            "timeouts": null
          },
          "sensitive_attributes": [],
          "private": "eyJlMmJmYjczMC1lY2FhLTExZTYtOGY4OC0zNDM2M2JjN2M0YzAiOnsiZGVsZXRlIjoxMjAwMDAwMDAwMDAwfX0="
        }
      ]
    },
    {
      "mode": "managed",
      "type": "aws_eip",
      "name": "nat_gateway_eip",
      "provider": "provider[\"registry.terraform.io/hashicorp/aws\"]",
      "instances": [
        {
          "schema_version": 0,
          "attributes": {
            "address": null,
            "allocation_id": "eipalloc-075796e5b17f1a1cf",
            "associate_with_private_ip": null,
            "association_id": "eipassoc-0df7301ea3b88fe90",
            "carrier_ip": "",
            "customer_owned_ip": "",
            "customer_owned_ipv4_pool": "",
            "domain": "vpc",
            "id": "eipalloc-075796e5b17f1a1cf",
            "instance": "",
            "network_border_group": "us-east-1",
            "network_interface": "eni-039f4dabd7ea746c1",
            "private_dns": "ip-10-0-101-69.ec2.internal",
            "private_ip": "10.0.101.69",
            "public_dns": "ec2-44-207-174-116.compute-1.amazonaws.com",
            "public_ip": "44.207.174.116",
            "public_ipv4_pool": "amazon",
            "tags": {
              "Name": "demo_igw_eip"
            },
            "tags_all": {
              "Name": "demo_igw_eip"
            },
            "timeouts": null,
            "vpc": true
          },
          "sensitive_attributes": [],
          "private": "eyJlMmJmYjczMC1lY2FhLTExZTYtOGY4OC0zNDM2M2JjN2M0YzAiOnsiZGVsZXRlIjoxODAwMDAwMDAwMDAsInJlYWQiOjkwMDAwMDAwMDAwMCwidXBkYXRlIjozMDAwMDAwMDAwMDB9fQ==",
          "dependencies": [
            "aws_internet_gateway.internet_gateway",
            "aws_vpc.vpc",
            "data.aws_region.current"
          ]
        }
      ]
    },
    {
      "mode": "managed",
      "type": "aws_internet_gateway",
      "name": "internet_gateway",
      "provider": "provider[\"registry.terraform.io/hashicorp/aws\"]",
      "instances": [
        {
          "schema_version": 0,
          "attributes": {
            "arn": "arn:aws:ec2:us-east-1:606175617475:internet-gateway/igw-0154ac6f943592109",
            "id": "igw-0154ac6f943592109",
            "owner_id": "606175617475",
            "tags": {
              "Name": "demo_igw"
            },
            "tags_all": {
              "Name": "demo_igw"
            },
            "vpc_id": "vpc-030201bb45acf1472"
          },
          "sensitive_attributes": [],
          "private": "bnVsbA==",
          "dependencies": [
            "aws_vpc.vpc",
            "data.aws_region.current"
          ]
        }
      ]
    },
    {
      "mode": "managed",
      "type": "aws_kms_alias",
      "name": "key-alias",
      "provider": "provider[\"registry.terraform.io/hashicorp/aws\"]",
      "instances": [
        {
          "schema_version": 0,
          "attributes": {
            "arn": "arn:aws:kms:us-east-1:606175617475:alias/terraform-bucket-key",
            "id": "alias/terraform-bucket-key",
            "name": "alias/terraform-bucket-key",
            "name_prefix": "",
            "target_key_arn": "arn:aws:kms:us-east-1:606175617475:key/07bfe18c-b0a8-426c-9eb9-5b9816f6f969",
            "target_key_id": "07bfe18c-b0a8-426c-9eb9-5b9816f6f969"
          },
          "sensitive_attributes": [],
          "private": "bnVsbA==",
          "dependencies": [
            "aws_kms_key.terraform-bucket-key"
          ]
        }
      ]
    },
    {
      "mode": "managed",
      "type": "aws_kms_key",
      "name": "terraform-bucket-key",
      "provider": "provider[\"registry.terraform.io/hashicorp/aws\"]",
      "instances": [
        {
          "schema_version": 0,
          "attributes": {
            "arn": "arn:aws:kms:us-east-1:606175617475:key/07bfe18c-b0a8-426c-9eb9-5b9816f6f969",
            "bypass_policy_lockout_safety_check": false,
            "customer_master_key_spec": "SYMMETRIC_DEFAULT",
            "deletion_window_in_days": 10,
            "description": "This key is used to encrypt bucket objects",
            "enable_key_rotation": true,
            "id": "07bfe18c-b0a8-426c-9eb9-5b9816f6f969",
            "is_enabled": true,
            "key_id": "07bfe18c-b0a8-426c-9eb9-5b9816f6f969",
            "key_usage": "ENCRYPT_DECRYPT",
            "multi_region": false,
            "policy": "{\"Id\":\"key-default-1\",\"Statement\":[{\"Action\":\"kms:*\",\"Effect\":\"Allow\",\"Principal\":{\"AWS\":\"arn:aws:iam::606175617475:root\"},\"Resource\":\"*\",\"Sid\":\"Enable IAM User Permissions\"}],\"Version\":\"2012-10-17\"}",
            "tags": {},
            "tags_all": {}
          },
          "sensitive_attributes": [],
          "private": "bnVsbA=="
        }
      ]
    },
    {
      "mode": "managed",
      "type": "aws_nat_gateway",
      "name": "nat_gateway",
      "provider": "provider[\"registry.terraform.io/hashicorp/aws\"]",
      "instances": [
        {
          "schema_version": 0,
          "attributes": {
            "allocation_id": "eipalloc-075796e5b17f1a1cf",
            "connectivity_type": "public",
            "id": "nat-0d1bcaaa06472ac17",
            "network_interface_id": "eni-039f4dabd7ea746c1",
            "private_ip": "10.0.101.69",
            "public_ip": "44.207.174.116",
            "subnet_id": "subnet-01c5448789b618d03",
            "tags": {
              "Name": "demo_nat_gateway"
            },
            "tags_all": {
              "Name": "demo_nat_gateway"
            }
          },
          "sensitive_attributes": [],
          "private": "bnVsbA==",
          "dependencies": [
            "aws_eip.nat_gateway_eip",
            "aws_internet_gateway.internet_gateway",
            "aws_subnet.public_subnets",
            "aws_vpc.vpc",
            "data.aws_availability_zones.available",
            "data.aws_region.current"
          ]
        }
      ]
    },
    {
      "mode": "managed",
      "type": "aws_route_table",
      "name": "private_route_table",
      "provider": "provider[\"registry.terraform.io/hashicorp/aws\"]",
      "instances": [
        {
          "schema_version": 0,
          "attributes": {
            "arn": "arn:aws:ec2:us-east-1:606175617475:route-table/rtb-0f80167ceab1d5606",
            "id": "rtb-0f80167ceab1d5606",
            "owner_id": "606175617475",
            "propagating_vgws": [],
            "route": [
              {
                "carrier_gateway_id": "",
                "cidr_block": "0.0.0.0/0",
                "core_network_arn": "",
                "destination_prefix_list_id": "",
                "egress_only_gateway_id": "",
                "gateway_id": "",
                "instance_id": "",
                "ipv6_cidr_block": "",
                "local_gateway_id": "",
                "nat_gateway_id": "nat-0d1bcaaa06472ac17",
                "network_interface_id": "",
                "transit_gateway_id": "",
                "vpc_endpoint_id": "",
                "vpc_peering_connection_id": ""
              }
            ],
            "tags": {
              "Name": "demo_private_rtb",
              "Terraform": "true"
            },
            "tags_all": {
              "Name": "demo_private_rtb",
              "Terraform": "true"
            },
            "timeouts": null,
            "vpc_id": "vpc-030201bb45acf1472"
          },
          "sensitive_attributes": [],
          "private": "eyJlMmJmYjczMC1lY2FhLTExZTYtOGY4OC0zNDM2M2JjN2M0YzAiOnsiY3JlYXRlIjozMDAwMDAwMDAwMDAsImRlbGV0ZSI6MzAwMDAwMDAwMDAwLCJ1cGRhdGUiOjEyMDAwMDAwMDAwMH19",
          "dependencies": [
            "aws_eip.nat_gateway_eip",
            "aws_internet_gateway.internet_gateway",
            "aws_nat_gateway.nat_gateway",
            "aws_subnet.public_subnets",
            "aws_vpc.vpc",
            "data.aws_availability_zones.available",
            "data.aws_region.current"
          ]
        }
      ]
    },
    {
      "mode": "managed",
      "type": "aws_route_table",
      "name": "public_route_table",
      "provider": "provider[\"registry.terraform.io/hashicorp/aws\"]",
      "instances": [
        {
          "schema_version": 0,
          "attributes": {
            "arn": "arn:aws:ec2:us-east-1:606175617475:route-table/rtb-0d555efec32d9b665",
            "id": "rtb-0d555efec32d9b665",
            "owner_id": "606175617475",
            "propagating_vgws": [],
            "route": [
              {
                "carrier_gateway_id": "",
                "cidr_block": "0.0.0.0/0",
                "core_network_arn": "",
                "destination_prefix_list_id": "",
                "egress_only_gateway_id": "",
                "gateway_id": "igw-0154ac6f943592109",
                "instance_id": "",
                "ipv6_cidr_block": "",
                "local_gateway_id": "",
                "nat_gateway_id": "",
                "network_interface_id": "",
                "transit_gateway_id": "",
                "vpc_endpoint_id": "",
                "vpc_peering_connection_id": ""
              }
            ],
            "tags": {
              "Name": "demo_public_rtb",
              "Terraform": "true"
            },
            "tags_all": {
              "Name": "demo_public_rtb",
              "Terraform": "true"
            },
            "timeouts": null,
            "vpc_id": "vpc-030201bb45acf1472"
          },
          "sensitive_attributes": [],
          "private": "eyJlMmJmYjczMC1lY2FhLTExZTYtOGY4OC0zNDM2M2JjN2M0YzAiOnsiY3JlYXRlIjozMDAwMDAwMDAwMDAsImRlbGV0ZSI6MzAwMDAwMDAwMDAwLCJ1cGRhdGUiOjEyMDAwMDAwMDAwMH19",
          "dependencies": [
            "aws_internet_gateway.internet_gateway",
            "aws_vpc.vpc",
            "data.aws_region.current"
          ]
        }
      ]
    },
    {
      "mode": "managed",
      "type": "aws_route_table_association",
      "name": "private",
      "provider": "provider[\"registry.terraform.io/hashicorp/aws\"]",
      "instances": [
        {
          "index_key": "private_subnet_1",
          "schema_version": 0,
          "attributes": {
            "gateway_id": "",
            "id": "rtbassoc-0b9cea299ebc5d0c9",
            "route_table_id": "rtb-0f80167ceab1d5606",
            "subnet_id": "subnet-07a8867ea5eb50ee5"
          },
          "sensitive_attributes": [],
          "private": "bnVsbA==",
          "dependencies": [
            "aws_eip.nat_gateway_eip",
            "aws_internet_gateway.internet_gateway",
            "aws_nat_gateway.nat_gateway",
            "aws_route_table.private_route_table",
            "aws_subnet.private_subnets",
            "aws_subnet.public_subnets",
            "aws_vpc.vpc",
            "data.aws_availability_zones.available",
            "data.aws_region.current"
          ]
        },
        {
          "index_key": "private_subnet_2",
          "schema_version": 0,
          "attributes": {
            "gateway_id": "",
            "id": "rtbassoc-0d98d617e84d48ca5",
            "route_table_id": "rtb-0f80167ceab1d5606",
            "subnet_id": "subnet-0909373c578691a31"
          },
          "sensitive_attributes": [],
          "private": "bnVsbA==",
          "dependencies": [
            "aws_eip.nat_gateway_eip",
            "aws_internet_gateway.internet_gateway",
            "aws_nat_gateway.nat_gateway",
            "aws_route_table.private_route_table",
            "aws_subnet.private_subnets",
            "aws_subnet.public_subnets",
            "aws_vpc.vpc",
            "data.aws_availability_zones.available",
            "data.aws_region.current"
          ]
        },
        {
          "index_key": "private_subnet_3",
          "schema_version": 0,
          "attributes": {
            "gateway_id": "",
            "id": "rtbassoc-0d582b695e6c351f2",
            "route_table_id": "rtb-0f80167ceab1d5606",
            "subnet_id": "subnet-047f06752c2dd877d"
          },
          "sensitive_attributes": [],
          "private": "bnVsbA==",
          "dependencies": [
            "aws_eip.nat_gateway_eip",
            "aws_internet_gateway.internet_gateway",
            "aws_nat_gateway.nat_gateway",
            "aws_route_table.private_route_table",
            "aws_subnet.private_subnets",
            "aws_subnet.public_subnets",
            "aws_vpc.vpc",
            "data.aws_availability_zones.available",
            "data.aws_region.current"
          ]
        }
      ]
    },
    {
      "mode": "managed",
      "type": "aws_route_table_association",
      "name": "public",
      "provider": "provider[\"registry.terraform.io/hashicorp/aws\"]",
      "instances": [
        {
          "index_key": "public_subnet_1",
          "schema_version": 0,
          "attributes": {
            "gateway_id": "",
            "id": "rtbassoc-03d3faf4203141110",
            "route_table_id": "rtb-0d555efec32d9b665",
            "subnet_id": "subnet-01c5448789b618d03"
          },
          "sensitive_attributes": [],
          "private": "bnVsbA==",
          "dependencies": [
            "aws_internet_gateway.internet_gateway",
            "aws_route_table.public_route_table",
            "aws_subnet.public_subnets",
            "aws_vpc.vpc",
            "data.aws_availability_zones.available",
            "data.aws_region.current"
          ]
        },
        {
          "index_key": "public_subnet_2",
          "schema_version": 0,
          "attributes": {
            "gateway_id": "",
            "id": "rtbassoc-0ff6edfd01b16b1e6",
            "route_table_id": "rtb-0d555efec32d9b665",
            "subnet_id": "subnet-0c1d35f867db8242c"
          },
          "sensitive_attributes": [],
          "private": "bnVsbA==",
          "dependencies": [
            "aws_internet_gateway.internet_gateway",
            "aws_route_table.public_route_table",
            "aws_subnet.public_subnets",
            "aws_vpc.vpc",
            "data.aws_availability_zones.available",
            "data.aws_region.current"
          ]
        },
        {
          "index_key": "public_subnet_3",
          "schema_version": 0,
          "attributes": {
            "gateway_id": "",
            "id": "rtbassoc-0dd71e1e15b225dda",
            "route_table_id": "rtb-0d555efec32d9b665",
            "subnet_id": "subnet-0f32335b23c99746d"
          },
          "sensitive_attributes": [],
          "private": "bnVsbA==",
          "dependencies": [
            "aws_internet_gateway.internet_gateway",
            "aws_route_table.public_route_table",
            "aws_subnet.public_subnets",
            "aws_vpc.vpc",
            "data.aws_availability_zones.available",
            "data.aws_region.current"
          ]
        }
      ]
    },
    {
      "mode": "managed",
      "type": "aws_s3_bucket",
      "name": "terraform-state",
      "provider": "provider[\"registry.terraform.io/hashicorp/aws\"]",
      "instances": [
        {
          "schema_version": 0,
          "attributes": {
            "acceleration_status": "",
            "acl": "private",
            "arn": "arn:aws:s3:::terraform-state-darovero",
            "bucket": "terraform-state-darovero",
            "bucket_domain_name": "terraform-state-darovero.s3.amazonaws.com",
            "bucket_prefix": null,
            "bucket_regional_domain_name": "terraform-state-darovero.s3.amazonaws.com",
            "cors_rule": [],
            "force_destroy": false,
            "grant": [
              {
                "id": "d53b2082bc459b7b3339a37f96a5c500e5179e7b5bd93c6afa433e46a50cd363",
                "permissions": [
                  "FULL_CONTROL"
                ],
                "type": "CanonicalUser",
                "uri": ""
              }
            ],
            "hosted_zone_id": "Z3AQBSTGFYJSTF",
            "id": "terraform-state-darovero",
            "lifecycle_rule": [],
            "logging": [],
            "object_lock_configuration": [],
            "object_lock_enabled": false,
            "policy": "",
            "region": "us-east-1",
            "replication_configuration": [],
            "request_payer": "BucketOwner",
            "server_side_encryption_configuration": [
              {
                "rule": [
                  {
                    "apply_server_side_encryption_by_default": [
                      {
                        "kms_master_key_id": "arn:aws:kms:us-east-1:606175617475:key/07bfe18c-b0a8-426c-9eb9-5b9816f6f969",
                        "sse_algorithm": "aws:kms"
                      }
                    ],
                    "bucket_key_enabled": false
                  }
                ]
              }
            ],
            "tags": {},
            "tags_all": {},
            "versioning": [
              {
                "enabled": true,
                "mfa_delete": false
              }
            ],
            "website": [],
            "website_domain": null,
            "website_endpoint": null
          },
          "sensitive_attributes": [],
          "private": "bnVsbA==",
          "dependencies": [
            "aws_kms_key.terraform-bucket-key"
          ]
        }
      ]
    },
    {
      "mode": "managed",
      "type": "aws_s3_bucket_public_access_block",
      "name": "block",
      "provider": "provider[\"registry.terraform.io/hashicorp/aws\"]",
      "instances": [
        {
          "schema_version": 0,
          "attributes": {
            "block_public_acls": true,
            "block_public_policy": true,
            "bucket": "terraform-state-darovero",
            "id": "terraform-state-darovero",
            "ignore_public_acls": true,
            "restrict_public_buckets": true
          },
          "sensitive_attributes": [],
          "private": "bnVsbA==",
          "dependencies": [
            "aws_kms_key.terraform-bucket-key",
            "aws_s3_bucket.terraform-state"
          ]
        }
      ]
    },
    {
      "mode": "managed",
      "type": "aws_subnet",
      "name": "private_subnets",
      "provider": "provider[\"registry.terraform.io/hashicorp/aws\"]",
      "instances": [
        {
          "index_key": "private_subnet_1",
          "schema_version": 1,
          "attributes": {
            "arn": "arn:aws:ec2:us-east-1:606175617475:subnet/subnet-07a8867ea5eb50ee5",
            "assign_ipv6_address_on_creation": false,
            "availability_zone": "us-east-1b",
            "availability_zone_id": "use1-az1",
            "cidr_block": "10.0.1.0/24",
            "customer_owned_ipv4_pool": "",
            "enable_dns64": false,
            "enable_resource_name_dns_a_record_on_launch": false,
            "enable_resource_name_dns_aaaa_record_on_launch": false,
            "id": "subnet-07a8867ea5eb50ee5",
            "ipv6_cidr_block": "",
            "ipv6_cidr_block_association_id": "",
            "ipv6_native": false,
            "map_customer_owned_ip_on_launch": false,
            "map_public_ip_on_launch": false,
            "outpost_arn": "",
            "owner_id": "606175617475",
            "private_dns_hostname_type_on_launch": "ip-name",
            "tags": {
              "Name": "private_subnet_1",
              "Terraform": "true"
            },
            "tags_all": {
              "Name": "private_subnet_1",
              "Terraform": "true"
            },
            "timeouts": null,
            "vpc_id": "vpc-030201bb45acf1472"
          },
          "sensitive_attributes": [],
          "private": "eyJlMmJmYjczMC1lY2FhLTExZTYtOGY4OC0zNDM2M2JjN2M0YzAiOnsiY3JlYXRlIjo2MDAwMDAwMDAwMDAsImRlbGV0ZSI6MTIwMDAwMDAwMDAwMH0sInNjaGVtYV92ZXJzaW9uIjoiMSJ9",
          "dependencies": [
            "aws_vpc.vpc",
            "data.aws_availability_zones.available",
            "data.aws_region.current"
          ]
        },
        {
          "index_key": "private_subnet_2",
          "schema_version": 1,
          "attributes": {
            "arn": "arn:aws:ec2:us-east-1:606175617475:subnet/subnet-0909373c578691a31",
            "assign_ipv6_address_on_creation": false,
            "availability_zone": "us-east-1c",
            "availability_zone_id": "use1-az2",
            "cidr_block": "10.0.2.0/24",
            "customer_owned_ipv4_pool": "",
            "enable_dns64": false,
            "enable_resource_name_dns_a_record_on_launch": false,
            "enable_resource_name_dns_aaaa_record_on_launch": false,
            "id": "subnet-0909373c578691a31",
            "ipv6_cidr_block": "",
            "ipv6_cidr_block_association_id": "",
            "ipv6_native": false,
            "map_customer_owned_ip_on_launch": false,
            "map_public_ip_on_launch": false,
            "outpost_arn": "",
            "owner_id": "606175617475",
            "private_dns_hostname_type_on_launch": "ip-name",
            "tags": {
              "Name": "private_subnet_2",
              "Terraform": "true"
            },
            "tags_all": {
              "Name": "private_subnet_2",
              "Terraform": "true"
            },
            "timeouts": null,
            "vpc_id": "vpc-030201bb45acf1472"
          },
          "sensitive_attributes": [],
          "private": "eyJlMmJmYjczMC1lY2FhLTExZTYtOGY4OC0zNDM2M2JjN2M0YzAiOnsiY3JlYXRlIjo2MDAwMDAwMDAwMDAsImRlbGV0ZSI6MTIwMDAwMDAwMDAwMH0sInNjaGVtYV92ZXJzaW9uIjoiMSJ9",
          "dependencies": [
            "aws_vpc.vpc",
            "data.aws_availability_zones.available",
            "data.aws_region.current"
          ]
        },
        {
          "index_key": "private_subnet_3",
          "schema_version": 1,
          "attributes": {
            "arn": "arn:aws:ec2:us-east-1:606175617475:subnet/subnet-047f06752c2dd877d",
            "assign_ipv6_address_on_creation": false,
            "availability_zone": "us-east-1d",
            "availability_zone_id": "use1-az4",
            "cidr_block": "10.0.3.0/24",
            "customer_owned_ipv4_pool": "",
            "enable_dns64": false,
            "enable_resource_name_dns_a_record_on_launch": false,
            "enable_resource_name_dns_aaaa_record_on_launch": false,
            "id": "subnet-047f06752c2dd877d",
            "ipv6_cidr_block": "",
            "ipv6_cidr_block_association_id": "",
            "ipv6_native": false,
            "map_customer_owned_ip_on_launch": false,
            "map_public_ip_on_launch": false,
            "outpost_arn": "",
            "owner_id": "606175617475",
            "private_dns_hostname_type_on_launch": "ip-name",
            "tags": {
              "Name": "private_subnet_3",
              "Terraform": "true"
            },
            "tags_all": {
              "Name": "private_subnet_3",
              "Terraform": "true"
            },
            "timeouts": null,
            "vpc_id": "vpc-030201bb45acf1472"
          },
          "sensitive_attributes": [],
          "private": "eyJlMmJmYjczMC1lY2FhLTExZTYtOGY4OC0zNDM2M2JjN2M0YzAiOnsiY3JlYXRlIjo2MDAwMDAwMDAwMDAsImRlbGV0ZSI6MTIwMDAwMDAwMDAwMH0sInNjaGVtYV92ZXJzaW9uIjoiMSJ9",
          "dependencies": [
            "aws_vpc.vpc",
            "data.aws_availability_zones.available",
            "data.aws_region.current"
          ]
        }
      ]
    },
    {
      "mode": "managed",
      "type": "aws_subnet",
      "name": "public_subnets",
      "provider": "provider[\"registry.terraform.io/hashicorp/aws\"]",
      "instances": [
        {
          "index_key": "public_subnet_1",
          "schema_version": 1,
          "attributes": {
            "arn": "arn:aws:ec2:us-east-1:606175617475:subnet/subnet-01c5448789b618d03",
            "assign_ipv6_address_on_creation": false,
            "availability_zone": "us-east-1b",
            "availability_zone_id": "use1-az1",
            "cidr_block": "10.0.101.0/24",
            "customer_owned_ipv4_pool": "",
            "enable_dns64": false,
            "enable_resource_name_dns_a_record_on_launch": false,
            "enable_resource_name_dns_aaaa_record_on_launch": false,
            "id": "subnet-01c5448789b618d03",
            "ipv6_cidr_block": "",
            "ipv6_cidr_block_association_id": "",
            "ipv6_native": false,
            "map_customer_owned_ip_on_launch": false,
            "map_public_ip_on_launch": true,
            "outpost_arn": "",
            "owner_id": "606175617475",
            "private_dns_hostname_type_on_launch": "ip-name",
            "tags": {
              "Name": "public_subnet_1",
              "Terraform": "true"
            },
            "tags_all": {
              "Name": "public_subnet_1",
              "Terraform": "true"
            },
            "timeouts": null,
            "vpc_id": "vpc-030201bb45acf1472"
          },
          "sensitive_attributes": [],
          "private": "eyJlMmJmYjczMC1lY2FhLTExZTYtOGY4OC0zNDM2M2JjN2M0YzAiOnsiY3JlYXRlIjo2MDAwMDAwMDAwMDAsImRlbGV0ZSI6MTIwMDAwMDAwMDAwMH0sInNjaGVtYV92ZXJzaW9uIjoiMSJ9",
          "dependencies": [
            "aws_vpc.vpc",
            "data.aws_availability_zones.available",
            "data.aws_region.current"
          ]
        },
        {
          "index_key": "public_subnet_2",
          "schema_version": 1,
          "attributes": {
            "arn": "arn:aws:ec2:us-east-1:606175617475:subnet/subnet-0c1d35f867db8242c",
            "assign_ipv6_address_on_creation": false,
            "availability_zone": "us-east-1c",
            "availability_zone_id": "use1-az2",
            "cidr_block": "10.0.102.0/24",
            "customer_owned_ipv4_pool": "",
            "enable_dns64": false,
            "enable_resource_name_dns_a_record_on_launch": false,
            "enable_resource_name_dns_aaaa_record_on_launch": false,
            "id": "subnet-0c1d35f867db8242c",
            "ipv6_cidr_block": "",
            "ipv6_cidr_block_association_id": "",
            "ipv6_native": false,
            "map_customer_owned_ip_on_launch": false,
            "map_public_ip_on_launch": true,
            "outpost_arn": "",
            "owner_id": "606175617475",
            "private_dns_hostname_type_on_launch": "ip-name",
            "tags": {
              "Name": "public_subnet_2",
              "Terraform": "true"
            },
            "tags_all": {
              "Name": "public_subnet_2",
              "Terraform": "true"
            },
            "timeouts": null,
            "vpc_id": "vpc-030201bb45acf1472"
          },
          "sensitive_attributes": [],
          "private": "eyJlMmJmYjczMC1lY2FhLTExZTYtOGY4OC0zNDM2M2JjN2M0YzAiOnsiY3JlYXRlIjo2MDAwMDAwMDAwMDAsImRlbGV0ZSI6MTIwMDAwMDAwMDAwMH0sInNjaGVtYV92ZXJzaW9uIjoiMSJ9",
          "dependencies": [
            "aws_vpc.vpc",
            "data.aws_availability_zones.available",
            "data.aws_region.current"
          ]
        },
        {
          "index_key": "public_subnet_3",
          "schema_version": 1,
          "attributes": {
            "arn": "arn:aws:ec2:us-east-1:606175617475:subnet/subnet-0f32335b23c99746d",
            "assign_ipv6_address_on_creation": false,
            "availability_zone": "us-east-1d",
            "availability_zone_id": "use1-az4",
            "cidr_block": "10.0.103.0/24",
            "customer_owned_ipv4_pool": "",
            "enable_dns64": false,
            "enable_resource_name_dns_a_record_on_launch": false,
            "enable_resource_name_dns_aaaa_record_on_launch": false,
            "id": "subnet-0f32335b23c99746d",
            "ipv6_cidr_block": "",
            "ipv6_cidr_block_association_id": "",
            "ipv6_native": false,
            "map_customer_owned_ip_on_launch": false,
            "map_public_ip_on_launch": true,
            "outpost_arn": "",
            "owner_id": "606175617475",
            "private_dns_hostname_type_on_launch": "ip-name",
            "tags": {
              "Name": "public_subnet_3",
              "Terraform": "true"
            },
            "tags_all": {
              "Name": "public_subnet_3",
              "Terraform": "true"
            },
            "timeouts": null,
            "vpc_id": "vpc-030201bb45acf1472"
          },
          "sensitive_attributes": [],
          "private": "eyJlMmJmYjczMC1lY2FhLTExZTYtOGY4OC0zNDM2M2JjN2M0YzAiOnsiY3JlYXRlIjo2MDAwMDAwMDAwMDAsImRlbGV0ZSI6MTIwMDAwMDAwMDAwMH0sInNjaGVtYV92ZXJzaW9uIjoiMSJ9",
          "dependencies": [
            "aws_vpc.vpc",
            "data.aws_availability_zones.available",
            "data.aws_region.current"
          ]
        }
      ]
    },
    {
      "mode": "managed",
      "type": "aws_vpc",
      "name": "vpc",
      "provider": "provider[\"registry.terraform.io/hashicorp/aws\"]",
      "instances": [
        {
          "schema_version": 1,
          "attributes": {
            "arn": "arn:aws:ec2:us-east-1:606175617475:vpc/vpc-030201bb45acf1472",
            "assign_generated_ipv6_cidr_block": false,
            "cidr_block": "10.0.0.0/16",
            "default_network_acl_id": "acl-0980bdf0851e692d2",
            "default_route_table_id": "rtb-0c90139ebf95c252c",
            "default_security_group_id": "sg-0a95f640cc0f2237a",
            "dhcp_options_id": "dopt-09be9443cd40c572d",
            "enable_classiclink": false,
            "enable_classiclink_dns_support": false,
            "enable_dns_hostnames": false,
            "enable_dns_support": true,
            "id": "vpc-030201bb45acf1472",
            "instance_tenancy": "default",
            "ipv4_ipam_pool_id": null,
            "ipv4_netmask_length": null,
            "ipv6_association_id": "",
            "ipv6_cidr_block": "",
            "ipv6_cidr_block_network_border_group": "",
            "ipv6_ipam_pool_id": "",
            "ipv6_netmask_length": 0,
            "main_route_table_id": "rtb-0c90139ebf95c252c",
            "owner_id": "606175617475",
            "tags": {
              "Environment": "demo_environment",
              "Name": "demo_vpc",
              "Region": "us-east-1",
              "Terraform": "true"
            },
            "tags_all": {
              "Environment": "demo_environment",
              "Name": "demo_vpc",
              "Region": "us-east-1",
              "Terraform": "true"
            }
          },
          "sensitive_attributes": [],
          "private": "eyJzY2hlbWFfdmVyc2lvbiI6IjEifQ==",
          "dependencies": [
            "data.aws_region.current"
          ]
        }
      ]
    }
  ]
}
